
Microsoft Visual Studio Solution File, Format Version 11.00
# Visual C# Express 2010
Project("{FAE04EC0-301F-11D3-BF4B-00C04F79EFBC}") = "EM Sim", "EM Sim\EM Sim\EM Sim.csproj", "{A2A83E41-D064-4A9B-86ED-0A10DAC1783F}"
EndProject
Project("{96E2B04D-8817-42C6-938A-82C39BA4D311}") = "EM SimContent", "EM Sim\EM SimContent\EM SimContent.contentproj", "{321A2795-3092-47A1-889F-A0A16F68245A}"
EndProject
Global
	GlobalSection(SolutionConfigurationPlatforms) = preSolution
		Debug|x86 = Debug|x86
		Release|x86 = Release|x86
	EndGlobalSection
	GlobalSection(ProjectConfigurationPlatforms) = postSolution
		{A2A83E41-D064-4A9B-86ED-0A10DAC1783F}.Debug|x86.ActiveCfg = Debug|x86
		{A2A83E41-D064-4A9B-86ED-0A10DAC1783F}.Debug|x86.Build.0 = Debug|x86
		{A2A83E41-D064-4A9B-86ED-0A10DAC1783F}.Release|x86.ActiveCfg = Release|x86
		{A2A83E41-D064-4A9B-86ED-0A10DAC1783F}.Release|x86.Build.0 = Release|x86
		{321A2795-3092-47A1-889F-A0A16F68245A}.Debug|x86.ActiveCfg = Debug|x86
		{321A2795-3092-47A1-889F-A0A16F68245A}.Release|x86.ActiveCfg = Release|x86
	EndGlobalSection
	GlobalSection(SolutionProperties) = preSolution
		HideSolutionNode = FALSE
	EndGlobalSection
EndGlobal
